
Microsoft Visual Studio Solution File, Format Version 12.00
# Visual Studio Version 16
VisualStudioVersion = 16.0.30002.166
MinimumVisualStudioVersion = 10.0.40219.1
Project("{9A19103F-16F7-4668-BE54-9A1E7A4F7556}") = "WebStoreGusev", "WebStoreGusev\WebStoreGusev.csproj", "{F99A7573-9081-4D56-AF9C-CB47272B5F61}"
EndProject
Project("{9A19103F-16F7-4668-BE54-9A1E7A4F7556}") = "WebStore.Domain", "WebStore.Domain\WebStore.Domain.csproj", "{BCEA2498-5156-497A-B5B5-895487B11000}"
EndProject
Global
	GlobalSection(SolutionConfigurationPlatforms) = preSolution
		Debug|Any CPU = Debug|Any CPU
		Release|Any CPU = Release|Any CPU
	EndGlobalSection
	GlobalSection(ProjectConfigurationPlatforms) = postSolution
		{F99A7573-9081-4D56-AF9C-CB47272B5F61}.Debug|Any CPU.ActiveCfg = Debug|Any CPU
		{F99A7573-9081-4D56-AF9C-CB47272B5F61}.Debug|Any CPU.Build.0 = Debug|Any CPU
		{F99A7573-9081-4D56-AF9C-CB47272B5F61}.Release|Any CPU.ActiveCfg = Release|Any CPU
		{F99A7573-9081-4D56-AF9C-CB47272B5F61}.Release|Any CPU.Build.0 = Release|Any CPU
		{BCEA2498-5156-497A-B5B5-895487B11000}.Debug|Any CPU.ActiveCfg = Debug|Any CPU
		{BCEA2498-5156-497A-B5B5-895487B11000}.Debug|Any CPU.Build.0 = Debug|Any CPU
		{BCEA2498-5156-497A-B5B5-895487B11000}.Release|Any CPU.ActiveCfg = Release|Any CPU
		{BCEA2498-5156-497A-B5B5-895487B11000}.Release|Any CPU.Build.0 = Release|Any CPU
	EndGlobalSection
	GlobalSection(SolutionProperties) = preSolution
		HideSolutionNode = FALSE
	EndGlobalSection
	GlobalSection(ExtensibilityGlobals) = postSolution
		SolutionGuid = {882140F8-F6A4-4DF7-8BFA-C94A8FADCE88}
	EndGlobalSection
EndGlobal
